
Microsoft Visual Studio Solution File, Format Version 12.00
# Visual Studio Version 17
VisualStudioVersion = 17.7.34024.191
MinimumVisualStudioVersion = 10.0.40219.1
Project("{FAE04EC0-301F-11D3-BF4B-00C04F79EFBC}") = "BancoAtividades", "BancoAtividades\BancoAtividades.csproj", "{487BCDC5-B83B-4B10-A4CE-1AFC68B4E5B6}"
EndProject
Global
	GlobalSection(SolutionConfigurationPlatforms) = preSolution
		Debug|Any CPU = Debug|Any CPU
		Release|Any CPU = Release|Any CPU
	EndGlobalSection
	GlobalSection(ProjectConfigurationPlatforms) = postSolution
		{487BCDC5-B83B-4B10-A4CE-1AFC68B4E5B6}.Debug|Any CPU.ActiveCfg = Debug|Any CPU
		{487BCDC5-B83B-4B10-A4CE-1AFC68B4E5B6}.Debug|Any CPU.Build.0 = Debug|Any CPU
		{487BCDC5-B83B-4B10-A4CE-1AFC68B4E5B6}.Release|Any CPU.ActiveCfg = Release|Any CPU
		{487BCDC5-B83B-4B10-A4CE-1AFC68B4E5B6}.Release|Any CPU.Build.0 = Release|Any CPU
	EndGlobalSection
	GlobalSection(SolutionProperties) = preSolution
		HideSolutionNode = FALSE
	EndGlobalSection
	GlobalSection(ExtensibilityGlobals) = postSolution
		SolutionGuid = {2DADD71B-D774-4E94-9E1A-16DC41B1B3E2}
	EndGlobalSection
EndGlobal
